{
  "version": 4,
  "terraform_version": "1.4.2",
  "serial": 71,
  "lineage": "602d3ae2-abb2-1f0b-c101-c1a11fd51796",
  "outputs": {
    "vnet-ips": {
      "value": 3,
      "type": "number"
    },
    "vnet-tags": {
      "value": 5,
      "type": "number"
    }
  },
  "resources": [
    {
      "mode": "managed",
      "type": "azurerm_network_security_group",
      "name": "nsg",
      "provider": "provider[\"registry.terraform.io/hashicorp/azurerm\"]",
      "instances": [
        {
          "schema_version": 0,
          "attributes": {
            "id": "/subscriptions/ff3ef450-399a-49a3-be1f-efbba25fb030/resourceGroups/rg-lab/providers/Microsoft.Network/networkSecurityGroups/nsg-lab-homolog",
            "location": "eastus",
            "name": "nsg-lab-homolog",
            "resource_group_name": "rg-lab",
            "security_rule": [],
            "tags": null,
            "timeouts": null
          },
          "sensitive_attributes": [],
          "private": "eyJlMmJmYjczMC1lY2FhLTExZTYtOGY4OC0zNDM2M2JjN2M0YzAiOnsiY3JlYXRlIjoxODAwMDAwMDAwMDAwLCJkZWxldGUiOjE4MDAwMDAwMDAwMDAsInJlYWQiOjMwMDAwMDAwMDAwMCwidXBkYXRlIjoxODAwMDAwMDAwMDAwfX0=",
          "dependencies": [
            "azurerm_resource_group.resource_group"
          ]
        }
      ]
    },
    {
      "mode": "managed",
      "type": "azurerm_resource_group",
      "name": "resource_group",
      "provider": "provider[\"registry.terraform.io/hashicorp/azurerm\"]",
      "instances": [
        {
          "schema_version": 0,
          "attributes": {
            "id": "/subscriptions/ff3ef450-399a-49a3-be1f-efbba25fb030/resourceGroups/rg-lab",
            "location": "eastus",
            "name": "rg-lab",
            "tags": {
              "Ambiente": "Producao",
              "Data": "04 Apr 2023 04:25 UTC",
              "Projeto": "titan",
              "Responsavel": "MARCELO GONCALVES",
              "Tecnologia": "Hashicorp Terraform"
            },
            "timeouts": null
          },
          "sensitive_attributes": [],
          "private": "eyJlMmJmYjczMC1lY2FhLTExZTYtOGY4OC0zNDM2M2JjN2M0YzAiOnsiY3JlYXRlIjo1NDAwMDAwMDAwMDAwLCJkZWxldGUiOjU0MDAwMDAwMDAwMDAsInJlYWQiOjMwMDAwMDAwMDAwMCwidXBkYXRlIjo1NDAwMDAwMDAwMDAwfX0="
        }
      ]
    },
    {
      "mode": "managed",
      "type": "azurerm_virtual_network",
      "name": "vnet",
      "provider": "provider[\"registry.terraform.io/hashicorp/azurerm\"]",
      "instances": [
        {
          "schema_version": 0,
          "attributes": {
            "address_space": [
              "172.16.10.0/24",
              "10.10.0.0/16",
              "192.168.20.0/24"
            ],
            "bgp_community": "",
            "ddos_protection_plan": [],
            "dns_servers": [],
            "edge_zone": "",
            "flow_timeout_in_minutes": 0,
            "guid": "7a5dcfa9-05d9-457a-8c18-b8d250fd8e6b",
            "id": "/subscriptions/ff3ef450-399a-49a3-be1f-efbba25fb030/resourceGroups/rg-lab/providers/Microsoft.Network/virtualNetworks/vnet-lab-homolog",
            "location": "eastus",
            "name": "vnet-lab-homolog",
            "resource_group_name": "rg-lab",
            "subnet": [],
            "tags": {
              "Ambiente": "Producao",
              "Data": "04 Apr 2023 04:25 UTC",
              "Projeto": "titan",
              "Responsavel": "MARCELO GONCALVES",
              "Tecnologia": "Hashicorp Terraform"
            },
            "timeouts": null
          },
          "sensitive_attributes": [],
          "private": "eyJlMmJmYjczMC1lY2FhLTExZTYtOGY4OC0zNDM2M2JjN2M0YzAiOnsiY3JlYXRlIjoxODAwMDAwMDAwMDAwLCJkZWxldGUiOjE4MDAwMDAwMDAwMDAsInJlYWQiOjMwMDAwMDAwMDAwMCwidXBkYXRlIjoxODAwMDAwMDAwMDAwfX0=",
          "dependencies": [
            "azurerm_resource_group.resource_group"
          ]
        }
      ]
    }
  ],
  "check_results": null
}
